
Microsoft Visual Studio Solution File, Format Version 12.00
# Visual Studio Version 17
VisualStudioVersion = 17.9.34728.123
MinimumVisualStudioVersion = 10.0.40219.1
Project("{FAE04EC0-301F-11D3-BF4B-00C04F79EFBC}") = "exam", "exam\exam.csproj", "{95E31951-4C35-4D34-A962-21EC7782E72C}"
EndProject
Global
	GlobalSection(SolutionConfigurationPlatforms) = preSolution
		Debug|Any CPU = Debug|Any CPU
		Release|Any CPU = Release|Any CPU
	EndGlobalSection
	GlobalSection(ProjectConfigurationPlatforms) = postSolution
		{95E31951-4C35-4D34-A962-21EC7782E72C}.Debug|Any CPU.ActiveCfg = Debug|Any CPU
		{95E31951-4C35-4D34-A962-21EC7782E72C}.Debug|Any CPU.Build.0 = Debug|Any CPU
		{95E31951-4C35-4D34-A962-21EC7782E72C}.Release|Any CPU.ActiveCfg = Release|Any CPU
		{95E31951-4C35-4D34-A962-21EC7782E72C}.Release|Any CPU.Build.0 = Release|Any CPU
	EndGlobalSection
	GlobalSection(SolutionProperties) = preSolution
		HideSolutionNode = FALSE
	EndGlobalSection
	GlobalSection(ExtensibilityGlobals) = postSolution
		SolutionGuid = {65F51478-CD98-491E-8079-D73D565027AA}
	EndGlobalSection
EndGlobal
